
Microsoft Visual Studio Solution File, Format Version 12.00
# Visual Studio Version 17
VisualStudioVersion = 17.13.35825.156 d17.13
MinimumVisualStudioVersion = 10.0.40219.1
Project("{FAE04EC0-301F-11D3-BF4B-00C04F79EFBC}") = "TiendaGamer", "TiendaGamer\TiendaGamer.csproj", "{8F3B317B-B476-4F53-B71A-1FC3C93F4AD3}"
EndProject
Global
	GlobalSection(SolutionConfigurationPlatforms) = preSolution
		Debug|Any CPU = Debug|Any CPU
		Release|Any CPU = Release|Any CPU
	EndGlobalSection
	GlobalSection(ProjectConfigurationPlatforms) = postSolution
		{8F3B317B-B476-4F53-B71A-1FC3C93F4AD3}.Debug|Any CPU.ActiveCfg = Debug|Any CPU
		{8F3B317B-B476-4F53-B71A-1FC3C93F4AD3}.Debug|Any CPU.Build.0 = Debug|Any CPU
		{8F3B317B-B476-4F53-B71A-1FC3C93F4AD3}.Release|Any CPU.ActiveCfg = Release|Any CPU
		{8F3B317B-B476-4F53-B71A-1FC3C93F4AD3}.Release|Any CPU.Build.0 = Release|Any CPU
	EndGlobalSection
	GlobalSection(SolutionProperties) = preSolution
		HideSolutionNode = FALSE
	EndGlobalSection
	GlobalSection(ExtensibilityGlobals) = postSolution
		SolutionGuid = {FCB6D5CC-4F4E-4A99-8FFA-53B2E5A311E2}
	EndGlobalSection
EndGlobal
